<?xml version="1.0" encoding="utf-8"?>
<Project ToolsVersion="4.0" xmlns="http://schemas.microsoft.com/developer/msbuild/2003">
  <ItemGroup>
    <Filter Include="Source Files">
      <UniqueIdentifier>{ea3b1231-176e-43bd-b655-edbd46c5f1bd}</UniqueIdentifier>
      <Extensions>cpp;c;cxx;rc;def;r;odl;idl;hpj;bat</Extensions>
    </Filter>
    <Filter Include="Header Files">
      <UniqueIdentifier>{74bc11e2-39f6-4602-b7cf-93f45dff9af6}</UniqueIdentifier>
      <Extensions>h;hpp;hxx;hm;inl</Extensions>
    </Filter>
  </ItemGroup>
  <ItemGroup>
    <ClCompile Include="..\libmpeg2\alloc.c">
      <Filter>Source Files</Filter>
    </ClCompile>
    <ClCompile Include="..\libmpeg2\cpu_accel.c">
      <Filter>Source Files</Filter>
    </ClCompile>
    <ClCompile Include="..\libmpeg2\cpu_state.c">
      <Filter>Source Files</Filter>
    </ClCompile>
    <ClCompile Include="..\libmpeg2\decode.c">
      <Filter>Source Files</Filter>
    </ClCompile>
    <ClCompile Include="..\libmpeg2\header.c">
      <Filter>Source Files</Filter>
    </ClCompile>
    <ClCompile Include="..\libmpeg2\idct.c">
      <Filter>Source Files</Filter>
    </ClCompile>
    <ClCompile Include="..\libmpeg2\idct_mmx.c">
      <Filter>Source Files</Filter>
    </ClCompile>
    <ClCompile Include="..\libmpeg2\motion_comp.c">
      <Filter>Source Files</Filter>
    </ClCompile>
    <ClCompile Include="..\libmpeg2\motion_comp_mmx.c">
      <Filter>Source Files</Filter>
    </ClCompile>
    <ClCompile Include="..\libmpeg2\slice.c">
      <Filter>Source Files</Filter>
    </ClCompile>
  </ItemGroup>
  <ItemGroup>
    <Object Include="idct_mmx.obj">
      <Filter>Source Files</Filter>
    </Object>
    <Object Include="motion_comp_mmx.obj">
      <Filter>Source Files</Filter>
    </Object>
  </ItemGroup>
  <ItemGroup>
    <ClInclude Include="..\include\mpeg2.h">
      <Filter>Header Files</Filter>
    </ClInclude>
    <ClInclude Include="..\libmpeg2\mpeg2_internal.h">
      <Filter>Header Files</Filter>
    </ClInclude>
    <ClInclude Include="..\libmpeg2\vlc.h">
      <Filter>Header Files</Filter>
    </ClInclude>
  </ItemGroup>
  <ItemGroup>
    <CustomBuild Include="cpu_accel.obj">
      <Filter>Source Files</Filter>
    </CustomBuild>
    <CustomBuild Include="cpu_state.obj">
      <Filter>Source Files</Filter>
    </CustomBuild>
  </ItemGroup>
</Project>