<?xml version="1.0" encoding="utf-8"?>
<Project ToolsVersion="4.0" xmlns="http://schemas.microsoft.com/developer/msbuild/2003">
  <ItemGroup>
    <Filter Include="Source Files">
      <UniqueIdentifier>{4FC737F1-C7A5-4376-A066-2A32D752A2FF}</UniqueIdentifier>
      <Extensions>cpp;c;cc;cxx;def;odl;idl;hpj;bat;asm;asmx</Extensions>
    </Filter>
    <Filter Include="Header Files">
      <UniqueIdentifier>{93995380-89BD-4b04-88EB-625FBE52EBFB}</UniqueIdentifier>
      <Extensions>h;hpp;hxx;hm;inl;inc;xsd</Extensions>
    </Filter>
  </ItemGroup>
  <ItemGroup>
    <ClCompile Include="db_ailrc.cpp">
      <Filter>Source Files</Filter>
    </ClCompile>
    <ClCompile Include="db_leos.cpp">
      <Filter>Source Files</Filter>
    </ClCompile>
    <ClCompile Include="db_lrcdb.cpp">
      <Filter>Source Files</Filter>
    </ClCompile>
    <ClCompile Include="db_lyrdb.cpp">
      <Filter>Source Files</Filter>
    </ClCompile>
    <ClCompile Include="db_lyricsfly.cpp">
      <Filter>Source Files</Filter>
    </ClCompile>
    <ClCompile Include="db_viewlyrics.cpp">
      <Filter>Source Files</Filter>
    </ClCompile>
    <ClCompile Include="lyriclib.cpp">
      <Filter>Source Files</Filter>
    </ClCompile>
    <ClCompile Include="lyrics_db.cpp">
      <Filter>Source Files</Filter>
    </ClCompile>
    <ClCompile Include="main.cpp">
      <Filter>Source Files</Filter>
    </ClCompile>
    <ClCompile Include="MarkupSTL.cpp">
      <Filter>Source Files</Filter>
    </ClCompile>
    <ClCompile Include="parse_lyrics.cpp">
      <Filter>Source Files</Filter>
    </ClCompile>
    <ClCompile Include="Stdafx.cpp">
      <Filter>Source Files</Filter>
    </ClCompile>
    <ClCompile Include="URLEncode.cpp">
      <Filter>Source Files</Filter>
    </ClCompile>
    <ClCompile Include="utf8.cpp">
      <Filter>Source Files</Filter>
    </ClCompile>
    <ClCompile Include="utils.cpp">
      <Filter>Source Files</Filter>
    </ClCompile>
  </ItemGroup>
  <ItemGroup>
    <ClInclude Include="db_ailrc.h">
      <Filter>Header Files</Filter>
    </ClInclude>
    <ClInclude Include="db_leos.h">
      <Filter>Header Files</Filter>
    </ClInclude>
    <ClInclude Include="db_lrcdb.h">
      <Filter>Header Files</Filter>
    </ClInclude>
    <ClInclude Include="db_lyrdb.h">
      <Filter>Header Files</Filter>
    </ClInclude>
    <ClInclude Include="db_lyricsfly.h">
      <Filter>Header Files</Filter>
    </ClInclude>
    <ClInclude Include="db_viewlyrics.h">
      <Filter>Header Files</Filter>
    </ClInclude>
    <ClInclude Include="lyriclib.h">
      <Filter>Header Files</Filter>
    </ClInclude>
    <ClInclude Include="lyrics_db.h">
      <Filter>Header Files</Filter>
    </ClInclude>
    <ClInclude Include="main.h">
      <Filter>Header Files</Filter>
    </ClInclude>
    <ClInclude Include="MarkupSTL.h">
      <Filter>Header Files</Filter>
    </ClInclude>
    <ClInclude Include="parse_lyrics.h">
      <Filter>Header Files</Filter>
    </ClInclude>
    <ClInclude Include="Stdafx.h">
      <Filter>Header Files</Filter>
    </ClInclude>
    <ClInclude Include="URLEncode.h">
      <Filter>Header Files</Filter>
    </ClInclude>
    <ClInclude Include="utf8.h">
      <Filter>Header Files</Filter>
    </ClInclude>
    <ClInclude Include="utils.h">
      <Filter>Header Files</Filter>
    </ClInclude>
  </ItemGroup>
</Project>