<?xml version="1.0" encoding="utf-8"?>
<Project ToolsVersion="4.0" xmlns="http://schemas.microsoft.com/developer/msbuild/2003">
  <ItemGroup>
    <Filter Include="Source Files">
      <UniqueIdentifier>{838b78c6-610c-4ccb-b4e6-c46da4e13bea}</UniqueIdentifier>
      <Extensions>cpp;c;cxx;rc;def;r;odl;idl;hpj;bat</Extensions>
    </Filter>
    <Filter Include="Header Files">
      <UniqueIdentifier>{cb529c19-9608-4952-ba43-ccc36cc8f6aa}</UniqueIdentifier>
      <Extensions>h;hpp;hxx;hm;inl</Extensions>
    </Filter>
  </ItemGroup>
  <ItemGroup>
    <ClCompile Include="..\libdts\dts_bitstream.c">
      <Filter>Source Files</Filter>
    </ClCompile>
    <ClCompile Include="..\libdts\dts_downmix.c">
      <Filter>Source Files</Filter>
    </ClCompile>
    <ClCompile Include="..\libdts\dts_parse.c">
      <Filter>Source Files</Filter>
    </ClCompile>
  </ItemGroup>
  <ItemGroup>
    <ClInclude Include="..\libdts\bitstream.h">
      <Filter>Header Files</Filter>
    </ClInclude>
    <ClInclude Include="..\include\dts.h">
      <Filter>Header Files</Filter>
    </ClInclude>
    <ClInclude Include="..\libdts\dts_internal.h">
      <Filter>Header Files</Filter>
    </ClInclude>
    <ClInclude Include="..\libdts\tables.h">
      <Filter>Header Files</Filter>
    </ClInclude>
    <ClInclude Include="..\libdts\tables_adpcm.h">
      <Filter>Header Files</Filter>
    </ClInclude>
    <ClInclude Include="..\libdts\tables_fir.h">
      <Filter>Header Files</Filter>
    </ClInclude>
    <ClInclude Include="..\libdts\tables_huffman.h">
      <Filter>Header Files</Filter>
    </ClInclude>
    <ClInclude Include="..\libdts\tables_quantization.h">
      <Filter>Header Files</Filter>
    </ClInclude>
    <ClInclude Include="..\libdts\tables_vq.h">
      <Filter>Header Files</Filter>
    </ClInclude>
  </ItemGroup>
</Project>