<?xml version="1.0" encoding="utf-8"?>
<Project ToolsVersion="4.0" xmlns="http://schemas.microsoft.com/developer/msbuild/2003">
  <ItemGroup>
    <Filter Include="Source Files">
      <UniqueIdentifier>{439f4afa-5dde-4589-893d-265c3ce6fd02}</UniqueIdentifier>
      <Extensions>cpp;c;cxx;def;odl;idl;hpj;bat;asm</Extensions>
    </Filter>
    <Filter Include="Header Files">
      <UniqueIdentifier>{d13aaad1-e6d9-497f-8a2f-1bf3e4b30bd7}</UniqueIdentifier>
      <Extensions>h;hpp;hxx;hm;inl;inc</Extensions>
    </Filter>
    <Filter Include="Resource Files">
      <UniqueIdentifier>{8f588f7b-9351-4fdd-8606-46c9d82a28e9}</UniqueIdentifier>
      <Extensions>rc;ico;cur;bmp;dlg;rc2;rct;bin;rgs;gif;jpg;jpeg;jpe</Extensions>
    </Filter>
  </ItemGroup>
  <ItemGroup>
    <ClCompile Include="libmpeg2.cpp">
      <Filter>Source Files</Filter>
    </ClCompile>
    <ClCompile Include="Mpeg2DecFilter.cpp">
      <Filter>Source Files</Filter>
    </ClCompile>
    <ClCompile Include="Mpeg2DecSettingsWnd.cpp">
      <Filter>Source Files</Filter>
    </ClCompile>
    <ClCompile Include="stdafx.cpp">
      <Filter>Source Files</Filter>
    </ClCompile>
  </ItemGroup>
  <ItemGroup>
    <ClInclude Include="..\..\..\..\..\mpc-hc\trunk\src\filters\transform\mpeg2decfilter\attributes.h">
      <Filter>Header Files</Filter>
    </ClInclude>
    <ClInclude Include="IMpeg2DecFilter.h">
      <Filter>Header Files</Filter>
    </ClInclude>
    <ClInclude Include="libmpeg2.h">
      <Filter>Header Files</Filter>
    </ClInclude>
    <ClInclude Include="Mpeg2DecFilter.h">
      <Filter>Header Files</Filter>
    </ClInclude>
    <ClInclude Include="Mpeg2DecSettingsWnd.h">
      <Filter>Header Files</Filter>
    </ClInclude>
    <ClInclude Include="resource.h">
      <Filter>Header Files</Filter>
    </ClInclude>
    <ClInclude Include="stdafx.h">
      <Filter>Header Files</Filter>
    </ClInclude>
  </ItemGroup>
  <ItemGroup>
    <ResourceCompile Include="Mpeg2DecFilter.rc">
      <Filter>Resource Files</Filter>
    </ResourceCompile>
  </ItemGroup>
</Project>