<?xml version="1.0" encoding="utf-8"?>
<Project ToolsVersion="4.0" xmlns="http://schemas.microsoft.com/developer/msbuild/2003">
  <ItemGroup>
    <Filter Include="Source Files">
      <UniqueIdentifier>{64f6198a-f979-45ce-b15b-4557b7810fe3}</UniqueIdentifier>
      <Extensions>cpp;c;cxx;rc;def;r;odl;hpj;bat;for;f90</Extensions>
    </Filter>
    <Filter Include="Header Files">
      <UniqueIdentifier>{67da4811-c314-451e-85b4-2ce762fad4c5}</UniqueIdentifier>
      <Extensions>h;hpp;hxx;hm;inl;fi;fd</Extensions>
    </Filter>
    <Filter Include="Resource Files">
      <UniqueIdentifier>{9b1958f3-d4d0-4c39-b4f9-82224104d58d}</UniqueIdentifier>
      <Extensions>ico;cur;bmp;dlg;rc2;rct;bin;cnt;rtf;gif;jpg;jpeg;jpe</Extensions>
    </Filter>
  </ItemGroup>
  <ItemGroup>
    <ClCompile Include="Adler32.c">
      <Filter>Source Files</Filter>
    </ClCompile>
    <ClCompile Include="Compress.c">
      <Filter>Source Files</Filter>
    </ClCompile>
    <ClCompile Include="Crc32.c">
      <Filter>Source Files</Filter>
    </ClCompile>
    <ClCompile Include="Deflate.c">
      <Filter>Source Files</Filter>
    </ClCompile>
    <ClCompile Include="Gzio.c">
      <Filter>Source Files</Filter>
    </ClCompile>
    <ClCompile Include="Infback.c">
      <Filter>Source Files</Filter>
    </ClCompile>
    <ClCompile Include="Inffast.c">
      <Filter>Source Files</Filter>
    </ClCompile>
    <ClCompile Include="Inflate.c">
      <Filter>Source Files</Filter>
    </ClCompile>
    <ClCompile Include="Inftrees.c">
      <Filter>Source Files</Filter>
    </ClCompile>
    <ClCompile Include="Trees.c">
      <Filter>Source Files</Filter>
    </ClCompile>
    <ClCompile Include="Uncompr.c">
      <Filter>Source Files</Filter>
    </ClCompile>
    <ClCompile Include="Zutil.c">
      <Filter>Source Files</Filter>
    </ClCompile>
  </ItemGroup>
  <ItemGroup>
    <ClInclude Include="crc.h">
      <Filter>Header Files</Filter>
    </ClInclude>
    <ClInclude Include="deflate.h">
      <Filter>Header Files</Filter>
    </ClInclude>
    <ClInclude Include="inffast.h">
      <Filter>Header Files</Filter>
    </ClInclude>
    <ClInclude Include="inflate.h">
      <Filter>Header Files</Filter>
    </ClInclude>
    <ClInclude Include="inftrees.h">
      <Filter>Header Files</Filter>
    </ClInclude>
    <ClInclude Include="zconf.h">
      <Filter>Header Files</Filter>
    </ClInclude>
    <ClInclude Include="zlib.h">
      <Filter>Header Files</Filter>
    </ClInclude>
    <ClInclude Include="zutil.h">
      <Filter>Header Files</Filter>
    </ClInclude>
  </ItemGroup>
</Project>