<?xml version="1.0" encoding="utf-8"?>
<Project ToolsVersion="4.0" xmlns="http://schemas.microsoft.com/developer/msbuild/2003">
  <ItemGroup>
    <Filter Include="Source Files">
      <UniqueIdentifier>{a1e889bd-5630-4b9c-8684-59a9c18c7983}</UniqueIdentifier>
      <Extensions>cpp;c;cxx;rc;def;r;odl;hpj;bat;for;f90</Extensions>
    </Filter>
    <Filter Include="Header Files">
      <UniqueIdentifier>{665dc03e-3ef1-484f-8708-eed0f829418e}</UniqueIdentifier>
      <Extensions>h;hpp;hxx;hm;inl;fi;fd</Extensions>
    </Filter>
    <Filter Include="Resource Files">
      <UniqueIdentifier>{bdba4d72-5ede-4987-8f54-40b0877012ba}</UniqueIdentifier>
      <Extensions>ico;cur;bmp;dlg;rc2;rct;bin;cnt;rtf;gif;jpg;jpeg;jpe</Extensions>
    </Filter>
  </ItemGroup>
  <ItemGroup>
    <ClCompile Include="Adler32.c">
      <Filter>Source Files</Filter>
    </ClCompile>
    <ClCompile Include="Compress.c">
      <Filter>Source Files</Filter>
    </ClCompile>
    <ClCompile Include="Crc32.c">
      <Filter>Source Files</Filter>
    </ClCompile>
    <ClCompile Include="Deflate.c">
      <Filter>Source Files</Filter>
    </ClCompile>
    <ClCompile Include="Gzio.c">
      <Filter>Source Files</Filter>
    </ClCompile>
    <ClCompile Include="Infback.c">
      <Filter>Source Files</Filter>
    </ClCompile>
    <ClCompile Include="Inffast.c">
      <Filter>Source Files</Filter>
    </ClCompile>
    <ClCompile Include="Inflate.c">
      <Filter>Source Files</Filter>
    </ClCompile>
    <ClCompile Include="Inftrees.c">
      <Filter>Source Files</Filter>
    </ClCompile>
    <ClCompile Include="Trees.c">
      <Filter>Source Files</Filter>
    </ClCompile>
    <ClCompile Include="Uncompr.c">
      <Filter>Source Files</Filter>
    </ClCompile>
    <ClCompile Include="Zutil.c">
      <Filter>Source Files</Filter>
    </ClCompile>
  </ItemGroup>
  <ItemGroup>
    <ClInclude Include="crc.h">
      <Filter>Header Files</Filter>
    </ClInclude>
    <ClInclude Include="deflate.h">
      <Filter>Header Files</Filter>
    </ClInclude>
    <ClInclude Include="inffast.h">
      <Filter>Header Files</Filter>
    </ClInclude>
    <ClInclude Include="inflate.h">
      <Filter>Header Files</Filter>
    </ClInclude>
    <ClInclude Include="inftrees.h">
      <Filter>Header Files</Filter>
    </ClInclude>
    <ClInclude Include="zconf.h">
      <Filter>Header Files</Filter>
    </ClInclude>
    <ClInclude Include="zlib.h">
      <Filter>Header Files</Filter>
    </ClInclude>
    <ClInclude Include="zutil.h">
      <Filter>Header Files</Filter>
    </ClInclude>
  </ItemGroup>
</Project>