<?xml version="1.0" encoding="utf-8"?>
<Project ToolsVersion="4.0" xmlns="http://schemas.microsoft.com/developer/msbuild/2003">
  <ItemGroup>
    <Filter Include="Source Files">
      <UniqueIdentifier>{ba4acf2b-4fc0-4656-9a7a-8f34783d0953}</UniqueIdentifier>
      <Extensions>cpp;c;cxx;def;odl;idl;hpj;bat;asm</Extensions>
    </Filter>
    <Filter Include="Header Files">
      <UniqueIdentifier>{55d8c779-1d64-4b64-a165-d686149b2bca}</UniqueIdentifier>
      <Extensions>h;hpp;hxx;hm;inl;inc</Extensions>
    </Filter>
    <Filter Include="Resource Files">
      <UniqueIdentifier>{4ef131dd-f0b9-45da-a065-f649f53c1f4e}</UniqueIdentifier>
      <Extensions>rc;ico;cur;bmp;dlg;rc2;rct;bin;rgs;gif;jpg;jpeg;jpe</Extensions>
    </Filter>
  </ItemGroup>
  <ItemGroup>
    <ClCompile Include="CoordGeom.cpp">
      <Filter>Source Files</Filter>
    </ClCompile>
    <ClCompile Include="DX7SubPic.cpp">
      <Filter>Source Files</Filter>
    </ClCompile>
    <ClCompile Include="DX9SubPic.cpp">
      <Filter>Source Files</Filter>
    </ClCompile>
    <ClCompile Include="ISubPic.cpp">
      <Filter>Source Files</Filter>
    </ClCompile>
    <ClCompile Include="MemSubPic.cpp">
      <Filter>Source Files</Filter>
    </ClCompile>
    <ClCompile Include="stdafx.cpp">
      <Filter>Source Files</Filter>
    </ClCompile>
    <ClCompile Include="SubPicProviderImpl.cpp">
      <Filter>Source Files</Filter>
    </ClCompile>
  </ItemGroup>
  <ItemGroup>
    <ClInclude Include="CoordGeom.h">
      <Filter>Header Files</Filter>
    </ClInclude>
    <ClInclude Include="DX7SubPic.h">
      <Filter>Header Files</Filter>
    </ClInclude>
    <ClInclude Include="DX9SubPic.h">
      <Filter>Header Files</Filter>
    </ClInclude>
    <ClInclude Include="ISubPic.h">
      <Filter>Header Files</Filter>
    </ClInclude>
    <ClInclude Include="MemSubPic.h">
      <Filter>Header Files</Filter>
    </ClInclude>
    <ClInclude Include="stdafx.h">
      <Filter>Header Files</Filter>
    </ClInclude>
    <ClInclude Include="SubPicProviderImpl.h">
      <Filter>Header Files</Filter>
    </ClInclude>
  </ItemGroup>
</Project>