Microsoft Visual Studio Solution File, Format Version 9.00
# Visual Studio 2005
Project("{8BC9CEB8-8B4A-11D0-8D11-00A0C91BC942}") = "clstencil", "clstencil.vcproj", "{001C823F-0CA4-4B47-BC00-7EFA1B8104AF}"
EndProject
Project("{8BC9CEB8-8B4A-11D0-8D11-00A0C91BC942}") = "clstencilui", "clstencilui.vcproj", "{9A27D633-9C74-4C4E-93FB-F9DFCCEFEDBE}"
EndProject
Global
	GlobalSection(SolutionConfigurationPlatforms) = preSolution
		Debug|Itanium = Debug|Itanium
		Debug|Win32 = Debug|Win32
		Debug|x64 = Debug|x64
		Release|Itanium = Release|Itanium
		Release|Win32 = Release|Win32
		Release|x64 = Release|x64
	EndGlobalSection
	GlobalSection(ProjectConfigurationPlatforms) = postSolution
		{001C823F-0CA4-4B47-BC00-7EFA1B8104AF}.Debug|Itanium.ActiveCfg = Debug|Itanium
		{001C823F-0CA4-4B47-BC00-7EFA1B8104AF}.Debug|Itanium.Build.0 = Debug|Itanium
		{001C823F-0CA4-4B47-BC00-7EFA1B8104AF}.Debug|Win32.ActiveCfg = Debug|Win32
		{001C823F-0CA4-4B47-BC00-7EFA1B8104AF}.Debug|Win32.Build.0 = Debug|Win32
		{001C823F-0CA4-4B47-BC00-7EFA1B8104AF}.Debug|x64.ActiveCfg = Debug|x64
		{001C823F-0CA4-4B47-BC00-7EFA1B8104AF}.Debug|x64.Build.0 = Debug|x64
		{001C823F-0CA4-4B47-BC00-7EFA1B8104AF}.Release|Itanium.ActiveCfg = Release|Itanium
		{001C823F-0CA4-4B47-BC00-7EFA1B8104AF}.Release|Itanium.Build.0 = Release|Itanium
		{001C823F-0CA4-4B47-BC00-7EFA1B8104AF}.Release|Win32.ActiveCfg = Release|Win32
		{001C823F-0CA4-4B47-BC00-7EFA1B8104AF}.Release|Win32.Build.0 = Release|Win32
		{001C823F-0CA4-4B47-BC00-7EFA1B8104AF}.Release|x64.ActiveCfg = Release|x64
		{001C823F-0CA4-4B47-BC00-7EFA1B8104AF}.Release|x64.Build.0 = Release|x64
		{9A27D633-9C74-4C4E-93FB-F9DFCCEFEDBE}.Debug|Itanium.ActiveCfg = Debug|Itanium
		{9A27D633-9C74-4C4E-93FB-F9DFCCEFEDBE}.Debug|Itanium.Build.0 = Debug|Itanium
		{9A27D633-9C74-4C4E-93FB-F9DFCCEFEDBE}.Debug|Win32.ActiveCfg = Debug|Win32
		{9A27D633-9C74-4C4E-93FB-F9DFCCEFEDBE}.Debug|Win32.Build.0 = Debug|Win32
		{9A27D633-9C74-4C4E-93FB-F9DFCCEFEDBE}.Debug|x64.ActiveCfg = Debug|x64
		{9A27D633-9C74-4C4E-93FB-F9DFCCEFEDBE}.Debug|x64.Build.0 = Debug|x64
		{9A27D633-9C74-4C4E-93FB-F9DFCCEFEDBE}.Release|Itanium.ActiveCfg = Release|Itanium
		{9A27D633-9C74-4C4E-93FB-F9DFCCEFEDBE}.Release|Itanium.Build.0 = Release|Itanium
		{9A27D633-9C74-4C4E-93FB-F9DFCCEFEDBE}.Release|Win32.ActiveCfg = Release|Win32
		{9A27D633-9C74-4C4E-93FB-F9DFCCEFEDBE}.Release|Win32.Build.0 = Release|Win32
		{9A27D633-9C74-4C4E-93FB-F9DFCCEFEDBE}.Release|x64.ActiveCfg = Release|x64
		{9A27D633-9C74-4C4E-93FB-F9DFCCEFEDBE}.Release|x64.Build.0 = Release|x64
	EndGlobalSection
	GlobalSection(SolutionProperties) = preSolution
		HideSolutionNode = FALSE
	EndGlobalSection
EndGlobal
