<?xml version="1.0" encoding="utf-8"?>
<Project ToolsVersion="4.0" xmlns="http://schemas.microsoft.com/developer/msbuild/2003">
  <ItemGroup>
    <Filter Include="Source Files">
      <UniqueIdentifier>{f856cc97-f614-46ff-a11c-61450905cb18}</UniqueIdentifier>
      <Extensions>cpp;c;cxx;def;odl;idl;hpj;bat;asm</Extensions>
    </Filter>
    <Filter Include="Header Files">
      <UniqueIdentifier>{26026809-7fed-4f3e-bf76-76f9adb8ad06}</UniqueIdentifier>
      <Extensions>h;hpp;hxx;hm;inl;inc</Extensions>
    </Filter>
    <Filter Include="Resource Files">
      <UniqueIdentifier>{8089bf96-e4b4-45f4-8925-a7bbe7011900}</UniqueIdentifier>
      <Extensions>rc;ico;cur;bmp;dlg;rc2;rct;bin;rgs;gif;jpg;jpeg;jpe</Extensions>
    </Filter>
  </ItemGroup>
  <ItemGroup>
    <ClCompile Include="FilterApp.cpp">
      <Filter>Source Files</Filter>
    </ClCompile>
    <ClCompile Include="InternalPropertyPage.cpp">
      <Filter>Source Files</Filter>
    </ClCompile>
    <ClCompile Include="PinInfoWnd.cpp">
      <Filter>Source Files</Filter>
    </ClCompile>
    <ClCompile Include="stdafx.cpp">
      <Filter>Source Files</Filter>
    </ClCompile>
  </ItemGroup>
  <ItemGroup>
    <ClInclude Include="FilterApp.h">
      <Filter>Header Files</Filter>
    </ClInclude>
    <ClInclude Include="filters.h">
      <Filter>Header Files</Filter>
    </ClInclude>
    <ClInclude Include="InternalPropertyPage.h">
      <Filter>Header Files</Filter>
    </ClInclude>
    <ClInclude Include="ISpecifyPropertyPages2.h">
      <Filter>Header Files</Filter>
    </ClInclude>
    <ClInclude Include="PinInfoWnd.h">
      <Filter>Header Files</Filter>
    </ClInclude>
    <ClInclude Include="stdafx.h">
      <Filter>Header Files</Filter>
    </ClInclude>
  </ItemGroup>
</Project>