<?xml version="1.0" encoding="utf-8"?>
<Project ToolsVersion="4.0" xmlns="http://schemas.microsoft.com/developer/msbuild/2003">
  <ItemGroup>
    <Filter Include="Source Files">
      <UniqueIdentifier>{b78b8d2c-bf3a-42c9-9b73-bc579779834d}</UniqueIdentifier>
      <Extensions>c</Extensions>
    </Filter>
    <Filter Include="Header Files">
      <UniqueIdentifier>{a385d495-96dc-4e78-b692-fc1979e332cf}</UniqueIdentifier>
      <Extensions>h</Extensions>
    </Filter>
    <Filter Include="Data Files">
      <UniqueIdentifier>{599715ac-0239-46d9-aca7-fff352908659}</UniqueIdentifier>
      <Extensions>dat</Extensions>
    </Filter>
  </ItemGroup>
  <ItemGroup>
    <ClCompile Include="..\bit.c">
      <Filter>Source Files</Filter>
    </ClCompile>
    <ClCompile Include="..\decoder.c">
      <Filter>Source Files</Filter>
    </ClCompile>
    <ClCompile Include="..\fixed.c">
      <Filter>Source Files</Filter>
    </ClCompile>
    <ClCompile Include="..\frame.c">
      <Filter>Source Files</Filter>
    </ClCompile>
    <ClCompile Include="..\hufftab.c">
      <Filter>Source Files</Filter>
    </ClCompile>
    <ClCompile Include="..\layer12.c">
      <Filter>Source Files</Filter>
    </ClCompile>
    <ClCompile Include="..\layer3.c">
      <Filter>Source Files</Filter>
    </ClCompile>
    <ClCompile Include="..\stream.c">
      <Filter>Source Files</Filter>
    </ClCompile>
    <ClCompile Include="..\synth.c">
      <Filter>Source Files</Filter>
    </ClCompile>
    <ClCompile Include="..\timer.c">
      <Filter>Source Files</Filter>
    </ClCompile>
    <ClCompile Include="..\version.c">
      <Filter>Source Files</Filter>
    </ClCompile>
  </ItemGroup>
  <ItemGroup>
    <ClInclude Include="..\bit.h">
      <Filter>Header Files</Filter>
    </ClInclude>
    <ClInclude Include="config.h">
      <Filter>Header Files</Filter>
    </ClInclude>
    <ClInclude Include="..\decoder.h">
      <Filter>Header Files</Filter>
    </ClInclude>
    <ClInclude Include="..\fixed.h">
      <Filter>Header Files</Filter>
    </ClInclude>
    <ClInclude Include="..\frame.h">
      <Filter>Header Files</Filter>
    </ClInclude>
    <ClInclude Include="..\global.h">
      <Filter>Header Files</Filter>
    </ClInclude>
    <ClInclude Include="..\hufftab.h">
      <Filter>Header Files</Filter>
    </ClInclude>
    <ClInclude Include="..\layer12.h">
      <Filter>Header Files</Filter>
    </ClInclude>
    <ClInclude Include="..\layer3.h">
      <Filter>Header Files</Filter>
    </ClInclude>
    <ClInclude Include="..\stream.h">
      <Filter>Header Files</Filter>
    </ClInclude>
    <ClInclude Include="..\synth.h">
      <Filter>Header Files</Filter>
    </ClInclude>
    <ClInclude Include="..\timer.h">
      <Filter>Header Files</Filter>
    </ClInclude>
    <ClInclude Include="..\version.h">
      <Filter>Header Files</Filter>
    </ClInclude>
  </ItemGroup>
  <ItemGroup>
    <None Include="..\D.dat">
      <Filter>Data Files</Filter>
    </None>
    <None Include="..\imdct_s.dat">
      <Filter>Data Files</Filter>
    </None>
    <None Include="..\qc_table.dat">
      <Filter>Data Files</Filter>
    </None>
    <None Include="..\rq_table.dat">
      <Filter>Data Files</Filter>
    </None>
    <None Include="..\sf_table.dat">
      <Filter>Data Files</Filter>
    </None>
  </ItemGroup>
</Project>